// !$*UTF8*$!
{
	archiveVersion = 1;
	classes = {
	};
	objectVersion = 48;
	objects = {

/* Begin PBXBuildFile section */
		007053291EFE98BD00FFFA28 /* .swiftlint.yml in Resources */ = {isa = PBXBuildFile; fileRef = 007053281EFE98BD00FFFA28 /* .swiftlint.yml */; };
		00D60FEB1EFE8E7300F8C3A1 /* AppDelegate.swift in Sources */ = {isa = PBXBuildFile; fileRef = 00D60FEA1EFE8E7300F8C3A1 /* AppDelegate.swift */; };
		00D60FED1EFE8E7300F8C3A1 /* ViewController.swift in Sources */ = {isa = PBXBuildFile; fileRef = 00D60FEC1EFE8E7300F8C3A1 /* ViewController.swift */; };
		00D60FF01EFE8E7300F8C3A1 /* Main.storyboard in Resources */ = {isa = PBXBuildFile; fileRef = 00D60FEE1EFE8E7300F8C3A1 /* Main.storyboard */; };
		00D60FF21EFE8E7300F8C3A1 /* Assets.xcassets in Resources */ = {isa = PBXBuildFile; fileRef = 00D60FF11EFE8E7300F8C3A1 /* Assets.xcassets */; };
		00D60FF51EFE8E7300F8C3A1 /* LaunchScreen.storyboard in Resources */ = {isa = PBXBuildFile; fileRef = 00D60FF31EFE8E7300F8C3A1 /* LaunchScreen.storyboard */; };
		00D610001EFE8E7300F8C3A1 /* GCRLoginTests.swift in Sources */ = {isa = PBXBuildFile; fileRef = 00D60FFF1EFE8E7300F8C3A1 /* GCRLoginTests.swift */; };
		00D6100B1EFE8E7300F8C3A1 /* GCRLoginUITests.swift in Sources */ = {isa = PBXBuildFile; fileRef = 00D6100A1EFE8E7300F8C3A1 /* GCRLoginUITests.swift */; };
/* End PBXBuildFile section */

/* Begin PBXContainerItemProxy section */
		00D60FFC1EFE8E7300F8C3A1 /* PBXContainerItemProxy */ = {
			isa = PBXContainerItemProxy;
			containerPortal = 00D60FDF1EFE8E7300F8C3A1 /* Project object */;
			proxyType = 1;
			remoteGlobalIDString = 00D60FE61EFE8E7300F8C3A1;
			remoteInfo = GCRLogin;
		};
		00D610071EFE8E7300F8C3A1 /* PBXContainerItemProxy */ = {
			isa = PBXContainerItemProxy;
			containerPortal = 00D60FDF1EFE8E7300F8C3A1 /* Project object */;
			proxyType = 1;
			remoteGlobalIDString = 00D60FE61EFE8E7300F8C3A1;
			remoteInfo = GCRLogin;
		};
/* End PBXContainerItemProxy section */

/* Begin PBXFileReference section */
		007053281EFE98BD00FFFA28 /* .swiftlint.yml */ = {isa = PBXFileReference; lastKnownFileType = text; path = .swiftlint.yml; sourceTree = "<group>"; };
		00D60FE71EFE8E7300F8C3A1 /* GCRLogin.app */ = {isa = PBXFileReference; explicitFileType = wrapper.application; includeInIndex = 0; path = GCRLogin.app; sourceTree = BUILT_PRODUCTS_DIR; };
		00D60FEA1EFE8E7300F8C3A1 /* AppDelegate.swift */ = {isa = PBXFileReference; lastKnownFileType = sourcecode.swift; path = AppDelegate.swift; sourceTree = "<group>"; };
		00D60FEC1EFE8E7300F8C3A1 /* ViewController.swift */ = {isa = PBXFileReference; lastKnownFileType = sourcecode.swift; path = ViewController.swift; sourceTree = "<group>"; };
		00D60FEF1EFE8E7300F8C3A1 /* Base */ = {isa = PBXFileReference; lastKnownFileType = file.storyboard; name = Base; path = Base.lproj/Main.storyboard; sourceTree = "<group>"; };
		00D60FF11EFE8E7300F8C3A1 /* Assets.xcassets */ = {isa = PBXFileReference; lastKnownFileType = folder.assetcatalog; path = Assets.xcassets; sourceTree = "<group>"; };
		00D60FF41EFE8E7300F8C3A1 /* Base */ = {isa = PBXFileReference; lastKnownFileType = file.storyboard; name = Base; path = Base.lproj/LaunchScreen.storyboard; sourceTree = "<group>"; };
		00D60FF61EFE8E7300F8C3A1 /* Info.plist */ = {isa = PBXFileReference; lastKnownFileType = text.plist.xml; path = Info.plist; sourceTree = "<group>"; };
		00D60FFB1EFE8E7300F8C3A1 /* GCRLoginTests.xctest */ = {isa = PBXFileReference; explicitFileType = wrapper.cfbundle; includeInIndex = 0; path = GCRLoginTests.xctest; sourceTree = BUILT_PRODUCTS_DIR; };
		00D60FFF1EFE8E7300F8C3A1 /* GCRLoginTests.swift */ = {isa = PBXFileReference; lastKnownFileType = sourcecode.swift; path = GCRLoginTests.swift; sourceTree = "<group>"; };
		00D610011EFE8E7300F8C3A1 /* Info.plist */ = {isa = PBXFileReference; lastKnownFileType = text.plist.xml; path = Info.plist; sourceTree = "<group>"; };
		00D610061EFE8E7300F8C3A1 /* GCRLoginUITests.xctest */ = {isa = PBXFileReference; explicitFileType = wrapper.cfbundle; includeInIndex = 0; path = GCRLoginUITests.xctest; sourceTree = BUILT_PRODUCTS_DIR; };
		00D6100A1EFE8E7300F8C3A1 /* GCRLoginUITests.swift */ = {isa = PBXFileReference; lastKnownFileType = sourcecode.swift; path = GCRLoginUITests.swift; sourceTree = "<group>"; };
		00D6100C1EFE8E7300F8C3A1 /* Info.plist */ = {isa = PBXFileReference; lastKnownFileType = text.plist.xml; path = Info.plist; sourceTree = "<group>"; };
/* End PBXFileReference section */

/* Begin PBXFrameworksBuildPhase section */
		00D60FE41EFE8E7300F8C3A1 /* Frameworks */ = {
			isa = PBXFrameworksBuildPhase;
			buildActionMask = 2147483647;
			files = (
			);
			runOnlyForDeploymentPostprocessing = 0;
		};
		00D60FF81EFE8E7300F8C3A1 /* Frameworks */ = {
			isa = PBXFrameworksBuildPhase;
			buildActionMask = 2147483647;
			files = (
			);
			runOnlyForDeploymentPostprocessing = 0;
		};
		00D610031EFE8E7300F8C3A1 /* Frameworks */ = {
			isa = PBXFrameworksBuildPhase;
			buildActionMask = 2147483647;
			files = (
			);
			runOnlyForDeploymentPostprocessing = 0;
		};
/* End PBXFrameworksBuildPhase section */

/* Begin PBXGroup section */
		00D60FDE1EFE8E7300F8C3A1 = {
			isa = PBXGroup;
			children = (
				007053281EFE98BD00FFFA28 /* .swiftlint.yml */,
				00D60FE91EFE8E7300F8C3A1 /* GCRLogin */,
				00D60FFE1EFE8E7300F8C3A1 /* GCRLoginTests */,
				00D610091EFE8E7300F8C3A1 /* GCRLoginUITests */,
				00D60FE81EFE8E7300F8C3A1 /* Products */,
			);
			sourceTree = "<group>";
		};
		00D60FE81EFE8E7300F8C3A1 /* Products */ = {
			isa = PBXGroup;
			children = (
				00D60FE71EFE8E7300F8C3A1 /* GCRLogin.app */,
				00D60FFB1EFE8E7300F8C3A1 /* GCRLoginTests.xctest */,
				00D610061EFE8E7300F8C3A1 /* GCRLoginUITests.xctest */,
			);
			name = Products;
			sourceTree = "<group>";
		};
		00D60FE91EFE8E7300F8C3A1 /* GCRLogin */ = {
			isa = PBXGroup;
			children = (
				00D60FEA1EFE8E7300F8C3A1 /* AppDelegate.swift */,
				00D60FEC1EFE8E7300F8C3A1 /* ViewController.swift */,
				00D60FEE1EFE8E7300F8C3A1 /* Main.storyboard */,
				00D60FF11EFE8E7300F8C3A1 /* Assets.xcassets */,
				00D60FF31EFE8E7300F8C3A1 /* LaunchScreen.storyboard */,
				00D60FF61EFE8E7300F8C3A1 /* Info.plist */,
			);
			path = GCRLogin;
			sourceTree = "<group>";
		};
		00D60FFE1EFE8E7300F8C3A1 /* GCRLoginTests */ = {
			isa = PBXGroup;
			children = (
				00D60FFF1EFE8E7300F8C3A1 /* GCRLoginTests.swift */,
				00D610011EFE8E7300F8C3A1 /* Info.plist */,
			);
			path = GCRLoginTests;
			sourceTree = "<group>";
		};
		00D610091EFE8E7300F8C3A1 /* GCRLoginUITests */ = {
			isa = PBXGroup;
			children = (
				00D6100A1EFE8E7300F8C3A1 /* GCRLoginUITests.swift */,
				00D6100C1EFE8E7300F8C3A1 /* Info.plist */,
			);
			path = GCRLoginUITests;
			sourceTree = "<group>";
		};
/* End PBXGroup section */

/* Begin PBXNativeTarget section */
		00D60FE61EFE8E7300F8C3A1 /* GCRLogin */ = {
			isa = PBXNativeTarget;
			buildConfigurationList = 00D6100F1EFE8E7300F8C3A1 /* Build configuration list for PBXNativeTarget "GCRLogin" */;
			buildPhases = (
				007053271EFE96B300FFFA28 /* ShellScript */,
				00D60FE31EFE8E7300F8C3A1 /* Sources */,
				00D60FE41EFE8E7300F8C3A1 /* Frameworks */,
				00D60FE51EFE8E7300F8C3A1 /* Resources */,
			);
			buildRules = (
			);
			dependencies = (
			);
			name = GCRLogin;
			productName = GCRLogin;
			productReference = 00D60FE71EFE8E7300F8C3A1 /* GCRLogin.app */;
			productType = "com.apple.product-type.application";
		};
		00D60FFA1EFE8E7300F8C3A1 /* GCRLoginTests */ = {
			isa = PBXNativeTarget;
			buildConfigurationList = 00D610121EFE8E7300F8C3A1 /* Build configuration list for PBXNativeTarget "GCRLoginTests" */;
			buildPhases = (
				00D60FF71EFE8E7300F8C3A1 /* Sources */,
				00D60FF81EFE8E7300F8C3A1 /* Frameworks */,
				00D60FF91EFE8E7300F8C3A1 /* Resources */,
			);
			buildRules = (
			);
			dependencies = (
				00D60FFD1EFE8E7300F8C3A1 /* PBXTargetDependency */,
			);
			name = GCRLoginTests;
			productName = GCRLoginTests;
			productReference = 00D60FFB1EFE8E7300F8C3A1 /* GCRLoginTests.xctest */;
			productType = "com.apple.product-type.bundle.unit-test";
		};
		00D610051EFE8E7300F8C3A1 /* GCRLoginUITests */ = {
			isa = PBXNativeTarget;
			buildConfigurationList = 00D610151EFE8E7300F8C3A1 /* Build configuration list for PBXNativeTarget "GCRLoginUITests" */;
			buildPhases = (
				00D610021EFE8E7300F8C3A1 /* Sources */,
				00D610031EFE8E7300F8C3A1 /* Frameworks */,
				00D610041EFE8E7300F8C3A1 /* Resources */,
			);
			buildRules = (
			);
			dependencies = (
				00D610081EFE8E7300F8C3A1 /* PBXTargetDependency */,
			);
			name = GCRLoginUITests;
			productName = GCRLoginUITests;
			productReference = 00D610061EFE8E7300F8C3A1 /* GCRLoginUITests.xctest */;
			productType = "com.apple.product-type.bundle.ui-testing";
		};
/* End PBXNativeTarget section */

/* Begin PBXProject section */
		00D60FDF1EFE8E7300F8C3A1 /* Project object */ = {
			isa = PBXProject;
			attributes = {
				LastSwiftUpdateCheck = 0900;
				LastUpgradeCheck = 0900;
				ORGANIZATIONNAME = "Gabriel Revells";
				TargetAttributes = {
					00D60FE61EFE8E7300F8C3A1 = {
						CreatedOnToolsVersion = 9.0;
					};
					00D60FFA1EFE8E7300F8C3A1 = {
						CreatedOnToolsVersion = 9.0;
						TestTargetID = 00D60FE61EFE8E7300F8C3A1;
					};
					00D610051EFE8E7300F8C3A1 = {
						CreatedOnToolsVersion = 9.0;
						TestTargetID = 00D60FE61EFE8E7300F8C3A1;
					};
				};
			};
			buildConfigurationList = 00D60FE21EFE8E7300F8C3A1 /* Build configuration list for PBXProject "GCRLogin" */;
			compatibilityVersion = "Xcode 8.0";
			developmentRegion = en;
			hasScannedForEncodings = 0;
			knownRegions = (
				en,
				Base,
			);
			mainGroup = 00D60FDE1EFE8E7300F8C3A1;
			productRefGroup = 00D60FE81EFE8E7300F8C3A1 /* Products */;
			projectDirPath = "";
			projectRoot = "";
			targets = (
				00D60FE61EFE8E7300F8C3A1 /* GCRLogin */,
				00D60FFA1EFE8E7300F8C3A1 /* GCRLoginTests */,
				00D610051EFE8E7300F8C3A1 /* GCRLoginUITests */,
			);
		};
/* End PBXProject section */

/* Begin PBXResourcesBuildPhase section */
		00D60FE51EFE8E7300F8C3A1 /* Resources */ = {
			isa = PBXResourcesBuildPhase;
			buildActionMask = 2147483647;
			files = (
				007053291EFE98BD00FFFA28 /* .swiftlint.yml in Resources */,
				00D60FF51EFE8E7300F8C3A1 /* LaunchScreen.storyboard in Resources */,
				00D60FF21EFE8E7300F8C3A1 /* Assets.xcassets in Resources */,
				00D60FF01EFE8E7300F8C3A1 /* Main.storyboard in Resources */,
			);
			runOnlyForDeploymentPostprocessing = 0;
		};
		00D60FF91EFE8E7300F8C3A1 /* Resources */ = {
			isa = PBXResourcesBuildPhase;
			buildActionMask = 2147483647;
			files = (
			);
			runOnlyForDeploymentPostprocessing = 0;
		};
		00D610041EFE8E7300F8C3A1 /* Resources */ = {
			isa = PBXResourcesBuildPhase;
			buildActionMask = 2147483647;
			files = (
			);
			runOnlyForDeploymentPostprocessing = 0;
		};
/* End PBXResourcesBuildPhase section */

/* Begin PBXShellScriptBuildPhase section */
		007053271EFE96B300FFFA28 /* ShellScript */ = {
			isa = PBXShellScriptBuildPhase;
			buildActionMask = 2147483647;
			files = (
			);
			inputPaths = (
			);
			outputPaths = (
			);
			runOnlyForDeploymentPostprocessing = 0;
			shellPath = /bin/sh;
			shellScript = "if which swiftlint >/dev/null; then\n    swiftlint\nelse\n    echo \"warning: SwiftLint not installed, install using `brew install swiftlint`\"\nfi";
		};
/* End PBXShellScriptBuildPhase section */

/* Begin PBXSourcesBuildPhase section */
		00D60FE31EFE8E7300F8C3A1 /* Sources */ = {
			isa = PBXSourcesBuildPhase;
			buildActionMask = 2147483647;
			files = (
				00D60FED1EFE8E7300F8C3A1 /* ViewController.swift in Sources */,
				00D60FEB1EFE8E7300F8C3A1 /* AppDelegate.swift in Sources */,
			);
			runOnlyForDeploymentPostprocessing = 0;
		};
		00D60FF71EFE8E7300F8C3A1 /* Sources */ = {
			isa = PBXSourcesBuildPhase;
			buildActionMask = 2147483647;
			files = (
				00D610001EFE8E7300F8C3A1 /* GCRLoginTests.swift in Sources */,
			);
			runOnlyForDeploymentPostprocessing = 0;
		};
		00D610021EFE8E7300F8C3A1 /* Sources */ = {
			isa = PBXSourcesBuildPhase;
			buildActionMask = 2147483647;
			files = (
				00D6100B1EFE8E7300F8C3A1 /* GCRLoginUITests.swift in Sources */,
			);
			runOnlyForDeploymentPostprocessing = 0;
		};
/* End PBXSourcesBuildPhase section */

/* Begin PBXTargetDependency section */
		00D60FFD1EFE8E7300F8C3A1 /* PBXTargetDependency */ = {
			isa = PBXTargetDependency;
			target = 00D60FE61EFE8E7300F8C3A1 /* GCRLogin */;
			targetProxy = 00D60FFC1EFE8E7300F8C3A1 /* PBXContainerItemProxy */;
		};
		00D610081EFE8E7300F8C3A1 /* PBXTargetDependency */ = {
			isa = PBXTargetDependency;
			target = 00D60FE61EFE8E7300F8C3A1 /* GCRLogin */;
			targetProxy = 00D610071EFE8E7300F8C3A1 /* PBXContainerItemProxy */;
		};
/* End PBXTargetDependency section */

/* Begin PBXVariantGroup section */
		00D60FEE1EFE8E7300F8C3A1 /* Main.storyboard */ = {
			isa = PBXVariantGroup;
			children = (
				00D60FEF1EFE8E7300F8C3A1 /* Base */,
			);
			name = Main.storyboard;
			sourceTree = "<group>";
		};
		00D60FF31EFE8E7300F8C3A1 /* LaunchScreen.storyboard */ = {
			isa = PBXVariantGroup;
			children = (
				00D60FF41EFE8E7300F8C3A1 /* Base */,
			);
			name = LaunchScreen.storyboard;
			sourceTree = "<group>";
		};
/* End PBXVariantGroup section */

/* Begin XCBuildConfiguration section */
		00D6100D1EFE8E7300F8C3A1 /* Debug */ = {
			isa = XCBuildConfiguration;
			buildSettings = {
				ALWAYS_SEARCH_USER_PATHS = NO;
				CLANG_ANALYZER_NONNULL = YES;
				CLANG_ANALYZER_NUMBER_OBJECT_CONVERSION = YES_AGGRESSIVE;
				CLANG_CXX_LANGUAGE_STANDARD = "gnu++14";
				CLANG_CXX_LIBRARY = "libc++";
				CLANG_ENABLE_MODULES = YES;
				CLANG_ENABLE_OBJC_ARC = YES;
				CLANG_WARN_BLOCK_CAPTURE_AUTORELEASING = YES;
				CLANG_WARN_BOOL_CONVERSION = YES;
				CLANG_WARN_COMMA = YES;
				CLANG_WARN_CONSTANT_CONVERSION = YES;
				CLANG_WARN_DIRECT_OBJC_ISA_USAGE = YES_ERROR;
				CLANG_WARN_DOCUMENTATION_COMMENTS = YES;
				CLANG_WARN_EMPTY_BODY = YES;
				CLANG_WARN_ENUM_CONVERSION = YES;
				CLANG_WARN_INFINITE_RECURSION = YES;
				CLANG_WARN_INT_CONVERSION = YES;
				CLANG_WARN_OBJC_ROOT_CLASS = YES_ERROR;
				CLANG_WARN_RANGE_LOOP_ANALYSIS = YES;
				CLANG_WARN_STRICT_PROTOTYPES = YES;
				CLANG_WARN_SUSPICIOUS_MOVE = YES;
				CLANG_WARN_UNGUARDED_AVAILABILITY = YES_AGGRESSIVE;
				CLANG_WARN_UNREACHABLE_CODE = YES;
				CLANG_WARN__DUPLICATE_METHOD_MATCH = YES;
				CODE_SIGN_IDENTITY = "iPhone Developer";
				COPY_PHASE_STRIP = NO;
				DEBUG_INFORMATION_FORMAT = dwarf;
				ENABLE_STRICT_OBJC_MSGSEND = YES;
				ENABLE_TESTABILITY = YES;
				GCC_C_LANGUAGE_STANDARD = gnu11;
				GCC_DYNAMIC_NO_PIC = NO;
				GCC_NO_COMMON_BLOCKS = YES;
				GCC_OPTIMIZATION_LEVEL = 0;
				GCC_PREPROCESSOR_DEFINITIONS = (
					"DEBUG=1",
					"$(inherited)",
				);
				GCC_WARN_64_TO_32_BIT_CONVERSION = YES;
				GCC_WARN_ABOUT_RETURN_TYPE = YES_ERROR;
				GCC_WARN_UNDECLARED_SELECTOR = YES;
				GCC_WARN_UNINITIALIZED_AUTOS = YES_AGGRESSIVE;
				GCC_WARN_UNUSED_FUNCTION = YES;
				GCC_WARN_UNUSED_VARIABLE = YES;
				IPHONEOS_DEPLOYMENT_TARGET = 11.0;
				MTL_ENABLE_DEBUG_INFO = YES;
				ONLY_ACTIVE_ARCH = YES;
				SDKROOT = iphoneos;
				SWIFT_ACTIVE_COMPILATION_CONDITIONS = DEBUG;
				SWIFT_OPTIMIZATION_LEVEL = "-Onone";
			};
			name = Debug;
		};
		00D6100E1EFE8E7300F8C3A1 /* Release */ = {
			isa = XCBuildConfiguration;
			buildSettings = {
				ALWAYS_SEARCH_USER_PATHS = NO;
				CLANG_ANALYZER_NONNULL = YES;
				CLANG_ANALYZER_NUMBER_OBJECT_CONVERSION = YES_AGGRESSIVE;
				CLANG_CXX_LANGUAGE_STANDARD = "gnu++14";
				CLANG_CXX_LIBRARY = "libc++";
				CLANG_ENABLE_MODULES = YES;
				CLANG_ENABLE_OBJC_ARC = YES;
				CLANG_WARN_BLOCK_CAPTURE_AUTORELEASING = YES;
				CLANG_WARN_BOOL_CONVERSION = YES;
				CLANG_WARN_COMMA = YES;
				CLANG_WARN_CONSTANT_CONVERSION = YES;
				CLANG_WARN_DIRECT_OBJC_ISA_USAGE = YES_ERROR;
				CLANG_WARN_DOCUMENTATION_COMMENTS = YES;
				CLANG_WARN_EMPTY_BODY = YES;
				CLANG_WARN_ENUM_CONVERSION = YES;
				CLANG_WARN_INFINITE_RECURSION = YES;
				CLANG_WARN_INT_CONVERSION = YES;
				CLANG_WARN_OBJC_ROOT_CLASS = YES_ERROR;
				CLANG_WARN_RANGE_LOOP_ANALYSIS = YES;
				CLANG_WARN_STRICT_PROTOTYPES = YES;
				CLANG_WARN_SUSPICIOUS_MOVE = YES;
				CLANG_WARN_UNGUARDED_AVAILABILITY = YES_AGGRESSIVE;
				CLANG_WARN_UNREACHABLE_CODE = YES;
				CLANG_WARN__DUPLICATE_METHOD_MATCH = YES;
				CODE_SIGN_IDENTITY = "iPhone Developer";
				COPY_PHASE_STRIP = NO;
				DEBUG_INFORMATION_FORMAT = "dwarf-with-dsym";
				ENABLE_NS_ASSERTIONS = NO;
				ENABLE_STRICT_OBJC_MSGSEND = YES;
				GCC_C_LANGUAGE_STANDARD = gnu11;
				GCC_NO_COMMON_BLOCKS = YES;
				GCC_WARN_64_TO_32_BIT_CONVERSION = YES;
				GCC_WARN_ABOUT_RETURN_TYPE = YES_ERROR;
				GCC_WARN_UNDECLARED_SELECTOR = YES;
				GCC_WARN_UNINITIALIZED_AUTOS = YES_AGGRESSIVE;
				GCC_WARN_UNUSED_FUNCTION = YES;
				GCC_WARN_UNUSED_VARIABLE = YES;
				IPHONEOS_DEPLOYMENT_TARGET = 11.0;
				MTL_ENABLE_DEBUG_INFO = NO;
				SDKROOT = iphoneos;
				SWIFT_OPTIMIZATION_LEVEL = "-Owholemodule";
				VALIDATE_PRODUCT = YES;
			};
			name = Release;
		};
		00D610101EFE8E7300F8C3A1 /* Debug */ = {
			isa = XCBuildConfiguration;
			buildSettings = {
				ASSETCATALOG_COMPILER_APPICON_NAME = AppIcon;
				DEVELOPMENT_TEAM = 6YUP5Q2DLS;
				INFOPLIST_FILE = GCRLogin/Info.plist;
				IPHONEOS_DEPLOYMENT_TARGET = 8.0;
				LD_RUNPATH_SEARCH_PATHS = "$(inherited) @executable_path/Frameworks";
				PRODUCT_BUNDLE_IDENTIFIER = revoltapplications.GCRLogin;
				PRODUCT_NAME = "$(TARGET_NAME)";
				SWIFT_VERSION = 4.0;
				TARGETED_DEVICE_FAMILY = "1,2";
			};
			name = Debug;
		};
		00D610111EFE8E7300F8C3A1 /* Release */ = {
			isa = XCBuildConfiguration;
			buildSettings = {
				ASSETCATALOG_COMPILER_APPICON_NAME = AppIcon;
				DEVELOPMENT_TEAM = 6YUP5Q2DLS;
				INFOPLIST_FILE = GCRLogin/Info.plist;
				IPHONEOS_DEPLOYMENT_TARGET = 8.0;
				LD_RUNPATH_SEARCH_PATHS = "$(inherited) @executable_path/Frameworks";
				PRODUCT_BUNDLE_IDENTIFIER = revoltapplications.GCRLogin;
				PRODUCT_NAME = "$(TARGET_NAME)";
				SWIFT_VERSION = 4.0;
				TARGETED_DEVICE_FAMILY = "1,2";
			};
			name = Release;
		};
		00D610131EFE8E7300F8C3A1 /* Debug */ = {
			isa = XCBuildConfiguration;
			buildSettings = {
				ALWAYS_EMBED_SWIFT_STANDARD_LIBRARIES = YES;
				BUNDLE_LOADER = "$(TEST_HOST)";
				INFOPLIST_FILE = GCRLoginTests/Info.plist;
				LD_RUNPATH_SEARCH_PATHS = "$(inherited) @executable_path/Frameworks @loader_path/Frameworks";
				PRODUCT_BUNDLE_IDENTIFIER = revoltapplications.GCRLoginTests;
				PRODUCT_NAME = "$(TARGET_NAME)";
				SWIFT_VERSION = 4.0;
				TARGETED_DEVICE_FAMILY = "1,2";
				TEST_HOST = "$(BUILT_PRODUCTS_DIR)/GCRLogin.app/GCRLogin";
			};
			name = Debug;
		};
		00D610141EFE8E7300F8C3A1 /* Release */ = {
			isa = XCBuildConfiguration;
			buildSettings = {
				ALWAYS_EMBED_SWIFT_STANDARD_LIBRARIES = YES;
				BUNDLE_LOADER = "$(TEST_HOST)";
				INFOPLIST_FILE = GCRLoginTests/Info.plist;
				LD_RUNPATH_SEARCH_PATHS = "$(inherited) @executable_path/Frameworks @loader_path/Frameworks";
				PRODUCT_BUNDLE_IDENTIFIER = revoltapplications.GCRLoginTests;
				PRODUCT_NAME = "$(TARGET_NAME)";
				SWIFT_VERSION = 4.0;
				TARGETED_DEVICE_FAMILY = "1,2";
				TEST_HOST = "$(BUILT_PRODUCTS_DIR)/GCRLogin.app/GCRLogin";
			};
			name = Release;
		};
		00D610161EFE8E7300F8C3A1 /* Debug */ = {
			isa = XCBuildConfiguration;
			buildSettings = {
				ALWAYS_EMBED_SWIFT_STANDARD_LIBRARIES = YES;
				INFOPLIST_FILE = GCRLoginUITests/Info.plist;
				LD_RUNPATH_SEARCH_PATHS = "$(inherited) @executable_path/Frameworks @loader_path/Frameworks";
				PRODUCT_BUNDLE_IDENTIFIER = revoltapplications.GCRLoginUITests;
				PRODUCT_NAME = "$(TARGET_NAME)";
				SWIFT_VERSION = 4.0;
				TARGETED_DEVICE_FAMILY = "1,2";
				TEST_TARGET_NAME = GCRLogin;
			};
			name = Debug;
		};
		00D610171EFE8E7300F8C3A1 /* Release */ = {
			isa = XCBuildConfiguration;
			buildSettings = {
				ALWAYS_EMBED_SWIFT_STANDARD_LIBRARIES = YES;
				INFOPLIST_FILE = GCRLoginUITests/Info.plist;
				LD_RUNPATH_SEARCH_PATHS = "$(inherited) @executable_path/Frameworks @loader_path/Frameworks";
				PRODUCT_BUNDLE_IDENTIFIER = revoltapplications.GCRLoginUITests;
				PRODUCT_NAME = "$(TARGET_NAME)";
				SWIFT_VERSION = 4.0;
				TARGETED_DEVICE_FAMILY = "1,2";
				TEST_TARGET_NAME = GCRLogin;
			};
			name = Release;
		};
/* End XCBuildConfiguration section */

/* Begin XCConfigurationList section */
		00D60FE21EFE8E7300F8C3A1 /* Build configuration list for PBXProject "GCRLogin" */ = {
			isa = XCConfigurationList;
			buildConfigurations = (
				00D6100D1EFE8E7300F8C3A1 /* Debug */,
				00D6100E1EFE8E7300F8C3A1 /* Release */,
			);
			defaultConfigurationIsVisible = 0;
			defaultConfigurationName = Release;
		};
		00D6100F1EFE8E7300F8C3A1 /* Build configuration list for PBXNativeTarget "GCRLogin" */ = {
			isa = XCConfigurationList;
			buildConfigurations = (
				00D610101EFE8E7300F8C3A1 /* Debug */,
				00D610111EFE8E7300F8C3A1 /* Release */,
			);
			defaultConfigurationIsVisible = 0;
			defaultConfigurationName = Release;
		};
		00D610121EFE8E7300F8C3A1 /* Build configuration list for PBXNativeTarget "GCRLoginTests" */ = {
			isa = XCConfigurationList;
			buildConfigurations = (
				00D610131EFE8E7300F8C3A1 /* Debug */,
				00D610141EFE8E7300F8C3A1 /* Release */,
			);
			defaultConfigurationIsVisible = 0;
			defaultConfigurationName = Release;
		};
		00D610151EFE8E7300F8C3A1 /* Build configuration list for PBXNativeTarget "GCRLoginUITests" */ = {
			isa = XCConfigurationList;
			buildConfigurations = (
				00D610161EFE8E7300F8C3A1 /* Debug */,
				00D610171EFE8E7300F8C3A1 /* Release */,
			);
			defaultConfigurationIsVisible = 0;
			defaultConfigurationName = Release;
		};
/* End XCConfigurationList section */
	};
	rootObject = 00D60FDF1EFE8E7300F8C3A1 /* Project object */;
}
